
Microsoft Visual Studio Solution File, Format Version 12.00
# Visual Studio Version 16
VisualStudioVersion = 16.0.30517.126
MinimumVisualStudioVersion = 10.0.40219.1
Project("{FAE04EC0-301F-11D3-BF4B-00C04F79EFBC}") = "AXPopUpDialog", "AXPopUpDialog\AXPopUpDialog.csproj", "{CFB53E60-F075-457B-8273-A9632B77C1F3}"
EndProject
Global
	GlobalSection(SolutionConfigurationPlatforms) = preSolution
		Debug|Any CPU = Debug|Any CPU
		Release|Any CPU = Release|Any CPU
	EndGlobalSection
	GlobalSection(ProjectConfigurationPlatforms) = postSolution
		{CFB53E60-F075-457B-8273-A9632B77C1F3}.Debug|Any CPU.ActiveCfg = Debug|Any CPU
		{CFB53E60-F075-457B-8273-A9632B77C1F3}.Debug|Any CPU.Build.0 = Debug|Any CPU
		{CFB53E60-F075-457B-8273-A9632B77C1F3}.Release|Any CPU.ActiveCfg = Release|Any CPU
		{CFB53E60-F075-457B-8273-A9632B77C1F3}.Release|Any CPU.Build.0 = Release|Any CPU
	EndGlobalSection
	GlobalSection(SolutionProperties) = preSolution
		HideSolutionNode = FALSE
	EndGlobalSection
	GlobalSection(ExtensibilityGlobals) = postSolution
		SolutionGuid = {38FCCEF8-6228-4F1B-B4CA-A19A08629575}
	EndGlobalSection
EndGlobal
